
Microsoft Visual Studio Solution File, Format Version 12.00
# Visual Studio Version 17
VisualStudioVersion = 17.0.31903.59
MinimumVisualStudioVersion = 10.0.40219.1
Project("{FAE04EC0-301F-11D3-BF4B-00C04F79EFBC}") = "HW1", "HW1\HW1.csproj", "{F9F03781-4C96-4772-BF04-F82E5A3AF98D}"
EndProject
Project("{FAE04EC0-301F-11D3-BF4B-00C04F79EFBC}") = "HW1b", "HW1b\HW1b.csproj", "{842E37AC-A263-4AF8-8A37-19ED54B0ED6F}"
EndProject
Project("{FAE04EC0-301F-11D3-BF4B-00C04F79EFBC}") = "LogMessage", "LogMessage\LogMessage.csproj", "{7269BEF5-5176-4953-AB3D-650314A36DBD}"
EndProject
Global
	GlobalSection(SolutionConfigurationPlatforms) = preSolution
		Debug|Any CPU = Debug|Any CPU
		Release|Any CPU = Release|Any CPU
	EndGlobalSection
	GlobalSection(SolutionProperties) = preSolution
		HideSolutionNode = FALSE
	EndGlobalSection
	GlobalSection(ProjectConfigurationPlatforms) = postSolution
		{F9F03781-4C96-4772-BF04-F82E5A3AF98D}.Debug|Any CPU.ActiveCfg = Debug|Any CPU
		{F9F03781-4C96-4772-BF04-F82E5A3AF98D}.Debug|Any CPU.Build.0 = Debug|Any CPU
		{F9F03781-4C96-4772-BF04-F82E5A3AF98D}.Release|Any CPU.ActiveCfg = Release|Any CPU
		{F9F03781-4C96-4772-BF04-F82E5A3AF98D}.Release|Any CPU.Build.0 = Release|Any CPU
		{842E37AC-A263-4AF8-8A37-19ED54B0ED6F}.Debug|Any CPU.ActiveCfg = Debug|Any CPU
		{842E37AC-A263-4AF8-8A37-19ED54B0ED6F}.Debug|Any CPU.Build.0 = Debug|Any CPU
		{842E37AC-A263-4AF8-8A37-19ED54B0ED6F}.Release|Any CPU.ActiveCfg = Release|Any CPU
		{842E37AC-A263-4AF8-8A37-19ED54B0ED6F}.Release|Any CPU.Build.0 = Release|Any CPU
		{7269BEF5-5176-4953-AB3D-650314A36DBD}.Debug|Any CPU.ActiveCfg = Debug|Any CPU
		{7269BEF5-5176-4953-AB3D-650314A36DBD}.Debug|Any CPU.Build.0 = Debug|Any CPU
		{7269BEF5-5176-4953-AB3D-650314A36DBD}.Release|Any CPU.ActiveCfg = Release|Any CPU
		{7269BEF5-5176-4953-AB3D-650314A36DBD}.Release|Any CPU.Build.0 = Release|Any CPU
	EndGlobalSection
EndGlobal
